// !$*UTF8*$!
{
	archiveVersion = 1;
	classes = {
	};
	objectVersion = 77;
	objects = {

/* Begin PBXBuildFile section */
		0522B25AF37EE03D5DDEA3E4 /* MeshPacketSigner.swift in Sources */ = {isa = PBXBuildFile; fileRef = EDD348C39922CAC68FD92303 /* MeshPacketSigner.swift */; };
		0AABA2A93325877A3A2A9B05 /* ZomatoCartItem.swift in Sources */ = {isa = PBXBuildFile; fileRef = 8B7C8E3008EDB59CD4E3CA05 /* ZomatoCartItem.swift */; };
		425AC3909ED06A88D78738B2 /* OrderLiveActivityWidget.swift in Sources */ = {isa = PBXBuildFile; fileRef = 3F3CECB44C06D36132977EB6 /* OrderLiveActivityWidget.swift */; };
		458AB30E2437D48046FBB246 /* RestaurantMeshReceiver.swift in Sources */ = {isa = PBXBuildFile; fileRef = A67C57475134E76ACCB130A6 /* RestaurantMeshReceiver.swift */; };
		7A790ECFA613F983763DCDFD /* MeshAckPacket.swift in Sources */ = {isa = PBXBuildFile; fileRef = 7C12CB61904BB1C69FF2CE78 /* MeshAckPacket.swift */; };
		7B9E10ABC0F76DCF158C4AE9 /* OrderPacket.swift in Sources */ = {isa = PBXBuildFile; fileRef = CBF5CE6B9FD95DE427AA9686 /* OrderPacket.swift */; };
		7FAF549EEB07AD2F8D3AE619 /* trialWidgetBundle.swift in Sources */ = {isa = PBXBuildFile; fileRef = 4B236B62864DC8EED2DA8D02 /* trialWidgetBundle.swift */; };
		8B5E85EB8A404400E7F0042E /* Foundation.framework in Frameworks */ = {isa = PBXBuildFile; fileRef = 17CE086A7B7D015C756AB97F /* Foundation.framework */; };
		93C5299DE26D07FA583FAD7A /* RestaurantApp.swift in Sources */ = {isa = PBXBuildFile; fileRef = CBF61F56F57F8F71E8CE9C3A /* RestaurantApp.swift */; };
		942E71CC966C0E26FDCEFB8D /* Foundation.framework in Frameworks */ = {isa = PBXBuildFile; fileRef = 24EA3B25913B247C842B5A06 /* Foundation.framework */; };
		9BB58FEB37F3AB6B3A9F74CA /* trialWidgetExtension.appex in Embed Foundation Extensions */ = {isa = PBXBuildFile; fileRef = DA1B2830303EF00EC7AA86F7 /* trialWidgetExtension.appex */; };
		A48EB6B8B6D1A58E008CD219 /* BlinkitTheme.swift in Sources */ = {isa = PBXBuildFile; fileRef = 35B2E68ABF9E89B78B38E862 /* BlinkitTheme.swift */; };
		A98491B3A3E0F794C97E3641 /* Restaurant.swift in Sources */ = {isa = PBXBuildFile; fileRef = FAF76929AC1B2B8AE547947F /* Restaurant.swift */; };
		B17B24EAE16C8BC923628977 /* KeychainService.swift in Sources */ = {isa = PBXBuildFile; fileRef = 6B9C8E8868E1CB86AC65548D /* KeychainService.swift */; };
		BB8E818AEE746B74814E2927 /* BlinkitActivityAttributes.swift in Sources */ = {isa = PBXBuildFile; fileRef = AB2537D1A368797F362FC8E7 /* BlinkitActivityAttributes.swift */; };
		DC65722DEA75F47FB26CE7DA /* RestaurantRootView.swift in Sources */ = {isa = PBXBuildFile; fileRef = 86ED331E1FF65517009584E2 /* RestaurantRootView.swift */; };
		FAA5B35D15C79B6A9A71FA07 /* IncomingOrderCard.swift in Sources */ = {isa = PBXBuildFile; fileRef = 1747B5BED3C73CFBBC084608 /* IncomingOrderCard.swift */; };
/* End PBXBuildFile section */

/* Begin PBXCopyFilesBuildPhase section */
		157FD9648F47D13844938337 /* Embed Foundation Extensions */ = {
			isa = PBXCopyFilesBuildPhase;
			buildActionMask = 2147483647;
			dstPath = "";
			dstSubfolderSpec = 13;
			files = (
				9BB58FEB37F3AB6B3A9F74CA /* trialWidgetExtension.appex in Embed Foundation Extensions */,
			);
			name = "Embed Foundation Extensions";
			runOnlyForDeploymentPostprocessing = 0;
		};
/* End PBXCopyFilesBuildPhase section */

/* Begin PBXFileReference section */
		108186C0300BB34700CED4A3 /* trial.app */ = {isa = PBXFileReference; explicitFileType = wrapper.application; includeInIndex = 0; path = trial.app; sourceTree = BUILT_PRODUCTS_DIR; };
		1747B5BED3C73CFBBC084608 /* IncomingOrderCard.swift */ = {isa = PBXFileReference; includeInIndex = 1; lastKnownFileType = sourcecode.swift; name = IncomingOrderCard.swift; path = /Users/bhavyaagarwal/iosTeam/trial/RestaurantApp/IncomingOrderCard.swift; sourceTree = "<absolute>"; };
		17CE086A7B7D015C756AB97F /* Foundation.framework */ = {isa = PBXFileReference; lastKnownFileType = wrapper.framework; name = Foundation.framework; path = Platforms/iPhoneOS.platform/Developer/SDKs/iPhoneOS18.0.sdk/System/Library/Frameworks/Foundation.framework; sourceTree = DEVELOPER_DIR; };
		24EA3B25913B247C842B5A06 /* Foundation.framework */ = {isa = PBXFileReference; lastKnownFileType = wrapper.framework; name = Foundation.framework; path = Platforms/iPhoneOS.platform/Developer/SDKs/iPhoneOS26.0.sdk/System/Library/Frameworks/Foundation.framework; sourceTree = DEVELOPER_DIR; };
		31407D176E23118D19E34C92 /* RestaurantApp.app */ = {isa = PBXFileReference; explicitFileType = wrapper.application; includeInIndex = 0; path = RestaurantApp.app; sourceTree = BUILT_PRODUCTS_DIR; };
		35B2E68ABF9E89B78B38E862 /* BlinkitTheme.swift */ = {isa = PBXFileReference; includeInIndex = 1; lastKnownFileType = sourcecode.swift; name = BlinkitTheme.swift; path = trial/Resources/BlinkitTheme.swift; sourceTree = "<group>"; };
		3F3CECB44C06D36132977EB6 /* OrderLiveActivityWidget.swift */ = {isa = PBXFileReference; includeInIndex = 1; lastKnownFileType = sourcecode.swift; name = OrderLiveActivityWidget.swift; path = trial/LiveActivity/OrderLiveActivityWidget.swift; sourceTree = "<group>"; };
		4B236B62864DC8EED2DA8D02 /* trialWidgetBundle.swift */ = {isa = PBXFileReference; includeInIndex = 1; lastKnownFileType = sourcecode.swift; name = trialWidgetBundle.swift; path = trialWidgetExtension/trialWidgetBundle.swift; sourceTree = "<group>"; };
		6B9C8E8868E1CB86AC65548D /* KeychainService.swift */ = {isa = PBXFileReference; includeInIndex = 1; lastKnownFileType = sourcecode.swift; name = KeychainService.swift; path = /Users/bhavyaagarwal/iosTeam/trial/trial/Mesh/KeychainService.swift; sourceTree = "<absolute>"; };
		7C12CB61904BB1C69FF2CE78 /* MeshAckPacket.swift */ = {isa = PBXFileReference; includeInIndex = 1; lastKnownFileType = sourcecode.swift; name = MeshAckPacket.swift; path = /Users/bhavyaagarwal/iosTeam/trial/RestaurantApp/MeshAckPacket.swift; sourceTree = "<absolute>"; };
		86ED331E1FF65517009584E2 /* RestaurantRootView.swift */ = {isa = PBXFileReference; includeInIndex = 1; lastKnownFileType = sourcecode.swift; name = RestaurantRootView.swift; path = /Users/bhavyaagarwal/iosTeam/trial/RestaurantApp/RestaurantRootView.swift; sourceTree = "<absolute>"; };
		8B7C8E3008EDB59CD4E3CA05 /* ZomatoCartItem.swift */ = {isa = PBXFileReference; includeInIndex = 1; lastKnownFileType = sourcecode.swift; name = ZomatoCartItem.swift; path = /Users/bhavyaagarwal/iosTeam/trial/trial/Models/ZomatoCartItem.swift; sourceTree = "<absolute>"; };
		A67C57475134E76ACCB130A6 /* RestaurantMeshReceiver.swift */ = {isa = PBXFileReference; includeInIndex = 1; lastKnownFileType = sourcecode.swift; name = RestaurantMeshReceiver.swift; path = /Users/bhavyaagarwal/iosTeam/trial/RestaurantApp/RestaurantMeshReceiver.swift; sourceTree = "<absolute>"; };
		AB2537D1A368797F362FC8E7 /* BlinkitActivityAttributes.swift */ = {isa = PBXFileReference; includeInIndex = 1; lastKnownFileType = sourcecode.swift; name = BlinkitActivityAttributes.swift; path = trial/LiveActivity/BlinkitActivityAttributes.swift; sourceTree = "<group>"; };
		CBF5CE6B9FD95DE427AA9686 /* OrderPacket.swift */ = {isa = PBXFileReference; includeInIndex = 1; lastKnownFileType = sourcecode.swift; name = OrderPacket.swift; path = /Users/bhavyaagarwal/iosTeam/trial/trial/Mesh/OrderPacket.swift; sourceTree = "<absolute>"; };
		CBF61F56F57F8F71E8CE9C3A /* RestaurantApp.swift */ = {isa = PBXFileReference; includeInIndex = 1; lastKnownFileType = sourcecode.swift; name = RestaurantApp.swift; path = /Users/bhavyaagarwal/iosTeam/trial/RestaurantApp/RestaurantApp.swift; sourceTree = "<absolute>"; };
		DA1B2830303EF00EC7AA86F7 /* trialWidgetExtension.appex */ = {isa = PBXFileReference; explicitFileType = "wrapper.app-extension"; includeInIndex = 0; path = trialWidgetExtension.appex; sourceTree = BUILT_PRODUCTS_DIR; };
		EDD348C39922CAC68FD92303 /* MeshPacketSigner.swift */ = {isa = PBXFileReference; includeInIndex = 1; lastKnownFileType = sourcecode.swift; name = MeshPacketSigner.swift; path = /Users/bhavyaagarwal/iosTeam/trial/trial/Mesh/MeshPacketSigner.swift; sourceTree = "<absolute>"; };
		FAF76929AC1B2B8AE547947F /* Restaurant.swift */ = {isa = PBXFileReference; includeInIndex = 1; lastKnownFileType = sourcecode.swift; name = Restaurant.swift; path = /Users/bhavyaagarwal/iosTeam/trial/trial/Models/Restaurant.swift; sourceTree = "<absolute>"; };
/* End PBXFileReference section */

/* Begin PBXFileSystemSynchronizedRootGroup section */
		108186C2300BB34700CED4A3 /* trial */ = {
			isa = PBXFileSystemSynchronizedRootGroup;
			path = trial;
			sourceTree = "<group>";
		};
/* End PBXFileSystemSynchronizedRootGroup section */

/* Begin PBXFrameworksBuildPhase section */
		108186BD300BB34700CED4A3 /* Frameworks */ = {
			isa = PBXFrameworksBuildPhase;
			buildActionMask = 2147483647;
			files = (
			);
			runOnlyForDeploymentPostprocessing = 0;
		};
		6E469035ED6E51D89FCF43C7 /* Frameworks */ = {
			isa = PBXFrameworksBuildPhase;
			buildActionMask = 2147483647;
			files = (
				8B5E85EB8A404400E7F0042E /* Foundation.framework in Frameworks */,
			);
			runOnlyForDeploymentPostprocessing = 0;
		};
		BE11E01A99AC03889AAA4CE0 /* Frameworks */ = {
			isa = PBXFrameworksBuildPhase;
			buildActionMask = 2147483647;
			files = (
				942E71CC966C0E26FDCEFB8D /* Foundation.framework in Frameworks */,
			);
			runOnlyForDeploymentPostprocessing = 0;
		};
/* End PBXFrameworksBuildPhase section */

/* Begin PBXGroup section */
		108186B7300BB34700CED4A3 = {
			isa = PBXGroup;
			children = (
				108186C2300BB34700CED4A3 /* trial */,
				108186C1300BB34700CED4A3 /* Products */,
				F43D26EF332C8B4F2E670FFC /* Frameworks */,
				4B236B62864DC8EED2DA8D02 /* trialWidgetBundle.swift */,
				AB2537D1A368797F362FC8E7 /* BlinkitActivityAttributes.swift */,
				3F3CECB44C06D36132977EB6 /* OrderLiveActivityWidget.swift */,
				35B2E68ABF9E89B78B38E862 /* BlinkitTheme.swift */,
				F13ADBE80DDC4C2058D3941D /* RestaurantApp */,
				AD5ABF8456672E8AB0F4B178 /* Shared-Mesh */,
				6DC73EC94862D05BEF3C11DA /* Shared-Models */,
			);
			sourceTree = "<group>";
		};
		108186C1300BB34700CED4A3 /* Products */ = {
			isa = PBXGroup;
			children = (
				108186C0300BB34700CED4A3 /* trial.app */,
				DA1B2830303EF00EC7AA86F7 /* trialWidgetExtension.appex */,
				31407D176E23118D19E34C92 /* RestaurantApp.app */,
			);
			name = Products;
			sourceTree = "<group>";
		};
		6DC73EC94862D05BEF3C11DA /* Shared-Models */ = {
			isa = PBXGroup;
			children = (
				8B7C8E3008EDB59CD4E3CA05 /* ZomatoCartItem.swift */,
				FAF76929AC1B2B8AE547947F /* Restaurant.swift */,
			);
			name = "Shared-Models";
			path = /Users/bhavyaagarwal/iosTeam/trial/trial/Models;
			sourceTree = "<absolute>";
		};
		AD5ABF8456672E8AB0F4B178 /* Shared-Mesh */ = {
			isa = PBXGroup;
			children = (
				CBF5CE6B9FD95DE427AA9686 /* OrderPacket.swift */,
				6B9C8E8868E1CB86AC65548D /* KeychainService.swift */,
				EDD348C39922CAC68FD92303 /* MeshPacketSigner.swift */,
			);
			name = "Shared-Mesh";
			path = /Users/bhavyaagarwal/iosTeam/trial/trial/Mesh;
			sourceTree = "<absolute>";
		};
		F13ADBE80DDC4C2058D3941D /* RestaurantApp */ = {
			isa = PBXGroup;
			children = (
				CBF61F56F57F8F71E8CE9C3A /* RestaurantApp.swift */,
				86ED331E1FF65517009584E2 /* RestaurantRootView.swift */,
				A67C57475134E76ACCB130A6 /* RestaurantMeshReceiver.swift */,
				1747B5BED3C73CFBBC084608 /* IncomingOrderCard.swift */,
				7C12CB61904BB1C69FF2CE78 /* MeshAckPacket.swift */,
			);
			name = RestaurantApp;
			path = /Users/bhavyaagarwal/iosTeam/trial/RestaurantApp;
			sourceTree = "<absolute>";
		};
		F43D26EF332C8B4F2E670FFC /* Frameworks */ = {
			isa = PBXGroup;
			children = (
				F50D58FAF87A25E23A286D9D /* iOS */,
			);
			name = Frameworks;
			sourceTree = "<group>";
		};
		F50D58FAF87A25E23A286D9D /* iOS */ = {
			isa = PBXGroup;
			children = (
				17CE086A7B7D015C756AB97F /* Foundation.framework */,
				24EA3B25913B247C842B5A06 /* Foundation.framework */,
			);
			name = iOS;
			sourceTree = "<group>";
		};
/* End PBXGroup section */

/* Begin PBXNativeTarget section */
		108186BF300BB34700CED4A3 /* trial */ = {
			isa = PBXNativeTarget;
			buildConfigurationList = 108186CB300BB34800CED4A3 /* Build configuration list for PBXNativeTarget "trial" */;
			buildPhases = (
				108186BC300BB34700CED4A3 /* Sources */,
				108186BD300BB34700CED4A3 /* Frameworks */,
				108186BE300BB34700CED4A3 /* Resources */,
				157FD9648F47D13844938337 /* Embed Foundation Extensions */,
			);
			buildRules = (
			);
			dependencies = (
			);
			fileSystemSynchronizedGroups = (
				108186C2300BB34700CED4A3 /* trial */,
			);
			name = trial;
			productName = trial;
			productReference = 108186C0300BB34700CED4A3 /* trial.app */;
			productType = "com.apple.product-type.application";
		};
		BC5E805E6C10D459A33E07BB /* trialWidgetExtension */ = {
			isa = PBXNativeTarget;
			buildConfigurationList = 1D4E5EF2339A17DDF2053D59 /* Build configuration list for PBXNativeTarget "trialWidgetExtension" */;
			buildPhases = (
				41C68EE8D1676B82FEF831DB /* Sources */,
				6E469035ED6E51D89FCF43C7 /* Frameworks */,
				D410F5E3283E343D8136FAD8 /* Resources */,
			);
			buildRules = (
			);
			dependencies = (
			);
			name = trialWidgetExtension;
			productName = trialWidgetExtension;
			productReference = DA1B2830303EF00EC7AA86F7 /* trialWidgetExtension.appex */;
			productType = "com.apple.product-type.app-extension";
		};
		F29B540176E9497A6D61382B /* RestaurantApp */ = {
			isa = PBXNativeTarget;
			buildConfigurationList = CE48A8D1BB38EC55F4C2F977 /* Build configuration list for PBXNativeTarget "RestaurantApp" */;
			buildPhases = (
				DD659009555DD39A21CC0D21 /* Sources */,
				BE11E01A99AC03889AAA4CE0 /* Frameworks */,
				E8B7545BC14BDDF5923DAD3C /* Resources */,
			);
			buildRules = (
			);
			dependencies = (
			);
			name = RestaurantApp;
			productName = RestaurantApp;
			productReference = 31407D176E23118D19E34C92 /* RestaurantApp.app */;
			productType = "com.apple.product-type.application";
		};
/* End PBXNativeTarget section */

/* Begin PBXProject section */
		108186B8300BB34700CED4A3 /* Project object */ = {
			isa = PBXProject;
			attributes = {
				BuildIndependentTargetsInParallel = 1;
				LastSwiftUpdateCheck = 2660;
				LastUpgradeCheck = 2660;
				TargetAttributes = {
					108186BF300BB34700CED4A3 = {
						CreatedOnToolsVersion = 26.6;
					};
				};
			};
			buildConfigurationList = 108186BB300BB34700CED4A3 /* Build configuration list for PBXProject "trial" */;
			developmentRegion = en;
			hasScannedForEncodings = 0;
			knownRegions = (
				en,
				Base,
			);
			mainGroup = 108186B7300BB34700CED4A3;
			minimizedProjectReferenceProxies = 1;
			preferredProjectObjectVersion = 77;
			productRefGroup = 108186C1300BB34700CED4A3 /* Products */;
			projectDirPath = "";
			projectRoot = "";
			targets = (
				108186BF300BB34700CED4A3 /* trial */,
				BC5E805E6C10D459A33E07BB /* trialWidgetExtension */,
				F29B540176E9497A6D61382B /* RestaurantApp */,
			);
		};
/* End PBXProject section */

/* Begin PBXResourcesBuildPhase section */
		108186BE300BB34700CED4A3 /* Resources */ = {
			isa = PBXResourcesBuildPhase;
			buildActionMask = 2147483647;
			files = (
			);
			runOnlyForDeploymentPostprocessing = 0;
		};
		D410F5E3283E343D8136FAD8 /* Resources */ = {
			isa = PBXResourcesBuildPhase;
			buildActionMask = 2147483647;
			files = (
			);
			runOnlyForDeploymentPostprocessing = 0;
		};
		E8B7545BC14BDDF5923DAD3C /* Resources */ = {
			isa = PBXResourcesBuildPhase;
			buildActionMask = 2147483647;
			files = (
			);
			runOnlyForDeploymentPostprocessing = 0;
		};
/* End PBXResourcesBuildPhase section */

/* Begin PBXSourcesBuildPhase section */
		108186BC300BB34700CED4A3 /* Sources */ = {
			isa = PBXSourcesBuildPhase;
			buildActionMask = 2147483647;
			files = (
			);
			runOnlyForDeploymentPostprocessing = 0;
		};
		41C68EE8D1676B82FEF831DB /* Sources */ = {
			isa = PBXSourcesBuildPhase;
			buildActionMask = 2147483647;
			files = (
				7FAF549EEB07AD2F8D3AE619 /* trialWidgetBundle.swift in Sources */,
				BB8E818AEE746B74814E2927 /* BlinkitActivityAttributes.swift in Sources */,
				425AC3909ED06A88D78738B2 /* OrderLiveActivityWidget.swift in Sources */,
				A48EB6B8B6D1A58E008CD219 /* BlinkitTheme.swift in Sources */,
			);
			runOnlyForDeploymentPostprocessing = 0;
		};
		DD659009555DD39A21CC0D21 /* Sources */ = {
			isa = PBXSourcesBuildPhase;
			buildActionMask = 2147483647;
			files = (
				93C5299DE26D07FA583FAD7A /* RestaurantApp.swift in Sources */,
				DC65722DEA75F47FB26CE7DA /* RestaurantRootView.swift in Sources */,
				458AB30E2437D48046FBB246 /* RestaurantMeshReceiver.swift in Sources */,
				FAA5B35D15C79B6A9A71FA07 /* IncomingOrderCard.swift in Sources */,
				7A790ECFA613F983763DCDFD /* MeshAckPacket.swift in Sources */,
				7B9E10ABC0F76DCF158C4AE9 /* OrderPacket.swift in Sources */,
				B17B24EAE16C8BC923628977 /* KeychainService.swift in Sources */,
				0522B25AF37EE03D5DDEA3E4 /* MeshPacketSigner.swift in Sources */,
				0AABA2A93325877A3A2A9B05 /* ZomatoCartItem.swift in Sources */,
				A98491B3A3E0F794C97E3641 /* Restaurant.swift in Sources */,
			);
			runOnlyForDeploymentPostprocessing = 0;
		};
/* End PBXSourcesBuildPhase section */

/* Begin XCBuildConfiguration section */
		108186C9300BB34800CED4A3 /* Debug */ = {
			isa = XCBuildConfiguration;
			buildSettings = {
				ALWAYS_SEARCH_USER_PATHS = NO;
				ASSETCATALOG_COMPILER_GENERATE_SWIFT_ASSET_SYMBOL_EXTENSIONS = YES;
				CLANG_ANALYZER_NONNULL = YES;
				CLANG_ANALYZER_NUMBER_OBJECT_CONVERSION = YES_AGGRESSIVE;
				CLANG_CXX_LANGUAGE_STANDARD = "gnu++20";
				CLANG_ENABLE_MODULES = YES;
				CLANG_ENABLE_OBJC_ARC = YES;
				CLANG_ENABLE_OBJC_WEAK = YES;
				CLANG_WARN_BLOCK_CAPTURE_AUTORELEASING = YES;
				CLANG_WARN_BOOL_CONVERSION = YES;
				CLANG_WARN_COMMA = YES;
				CLANG_WARN_CONSTANT_CONVERSION = YES;
				CLANG_WARN_DEPRECATED_OBJC_IMPLEMENTATIONS = YES;
				CLANG_WARN_DIRECT_OBJC_ISA_USAGE = YES_ERROR;
				CLANG_WARN_DOCUMENTATION_COMMENTS = YES;
				CLANG_WARN_EMPTY_BODY = YES;
				CLANG_WARN_ENUM_CONVERSION = YES;
				CLANG_WARN_INFINITE_RECURSION = YES;
				CLANG_WARN_INT_CONVERSION = YES;
				CLANG_WARN_NON_LITERAL_NULL_CONVERSION = YES;
				CLANG_WARN_OBJC_IMPLICIT_RETAIN_SELF = YES;
				CLANG_WARN_OBJC_LITERAL_CONVERSION = YES;
				CLANG_WARN_OBJC_ROOT_CLASS = YES_ERROR;
				CLANG_WARN_QUOTED_INCLUDE_IN_FRAMEWORK_HEADER = YES;
				CLANG_WARN_RANGE_LOOP_ANALYSIS = YES;
				CLANG_WARN_STRICT_PROTOTYPES = YES;
				CLANG_WARN_SUSPICIOUS_MOVE = YES;
				CLANG_WARN_UNGUARDED_AVAILABILITY = YES_AGGRESSIVE;
				CLANG_WARN_UNREACHABLE_CODE = YES;
				CLANG_WARN__DUPLICATE_METHOD_MATCH = YES;
				COPY_PHASE_STRIP = NO;
				DEBUG_INFORMATION_FORMAT = dwarf;
				ENABLE_STRICT_OBJC_MSGSEND = YES;
				ENABLE_TESTABILITY = YES;
				ENABLE_USER_SCRIPT_SANDBOXING = YES;
				GCC_C_LANGUAGE_STANDARD = gnu17;
				GCC_DYNAMIC_NO_PIC = NO;
				GCC_NO_COMMON_BLOCKS = YES;
				GCC_OPTIMIZATION_LEVEL = 0;
				GCC_PREPROCESSOR_DEFINITIONS = (
					"DEBUG=1",
					"$(inherited)",
				);
				GCC_WARN_64_TO_32_BIT_CONVERSION = YES;
				GCC_WARN_ABOUT_RETURN_TYPE = YES_ERROR;
				GCC_WARN_UNDECLARED_SELECTOR = YES;
				GCC_WARN_UNINITIALIZED_AUTOS = YES_AGGRESSIVE;
				GCC_WARN_UNUSED_FUNCTION = YES;
				GCC_WARN_UNUSED_VARIABLE = YES;
				IPHONEOS_DEPLOYMENT_TARGET = 26.5;
				LOCALIZATION_PREFERS_STRING_CATALOGS = YES;
				MTL_ENABLE_DEBUG_INFO = INCLUDE_SOURCE;
				MTL_FAST_MATH = YES;
				ONLY_ACTIVE_ARCH = YES;
				SDKROOT = iphoneos;
				SWIFT_ACTIVE_COMPILATION_CONDITIONS = "DEBUG $(inherited)";
				SWIFT_OPTIMIZATION_LEVEL = "-Onone";
			};
			name = Debug;
		};
		108186CA300BB34800CED4A3 /* Release */ = {
			isa = XCBuildConfiguration;
			buildSettings = {
				ALWAYS_SEARCH_USER_PATHS = NO;
				ASSETCATALOG_COMPILER_GENERATE_SWIFT_ASSET_SYMBOL_EXTENSIONS = YES;
				CLANG_ANALYZER_NONNULL = YES;
				CLANG_ANALYZER_NUMBER_OBJECT_CONVERSION = YES_AGGRESSIVE;
				CLANG_CXX_LANGUAGE_STANDARD = "gnu++20";
				CLANG_ENABLE_MODULES = YES;
				CLANG_ENABLE_OBJC_ARC = YES;
				CLANG_ENABLE_OBJC_WEAK = YES;
				CLANG_WARN_BLOCK_CAPTURE_AUTORELEASING = YES;
				CLANG_WARN_BOOL_CONVERSION = YES;
				CLANG_WARN_COMMA = YES;
				CLANG_WARN_CONSTANT_CONVERSION = YES;
				CLANG_WARN_DEPRECATED_OBJC_IMPLEMENTATIONS = YES;
				CLANG_WARN_DIRECT_OBJC_ISA_USAGE = YES_ERROR;
				CLANG_WARN_DOCUMENTATION_COMMENTS = YES;
				CLANG_WARN_EMPTY_BODY = YES;
				CLANG_WARN_ENUM_CONVERSION = YES;
				CLANG_WARN_INFINITE_RECURSION = YES;
				CLANG_WARN_INT_CONVERSION = YES;
				CLANG_WARN_NON_LITERAL_NULL_CONVERSION = YES;
				CLANG_WARN_OBJC_IMPLICIT_RETAIN_SELF = YES;
				CLANG_WARN_OBJC_LITERAL_CONVERSION = YES;
				CLANG_WARN_OBJC_ROOT_CLASS = YES_ERROR;
				CLANG_WARN_QUOTED_INCLUDE_IN_FRAMEWORK_HEADER = YES;
				CLANG_WARN_RANGE_LOOP_ANALYSIS = YES;
				CLANG_WARN_STRICT_PROTOTYPES = YES;
				CLANG_WARN_SUSPICIOUS_MOVE = YES;
				CLANG_WARN_UNGUARDED_AVAILABILITY = YES_AGGRESSIVE;
				CLANG_WARN_UNREACHABLE_CODE = YES;
				CLANG_WARN__DUPLICATE_METHOD_MATCH = YES;
				COPY_PHASE_STRIP = NO;
				DEBUG_INFORMATION_FORMAT = "dwarf-with-dsym";
				ENABLE_NS_ASSERTIONS = NO;
				ENABLE_STRICT_OBJC_MSGSEND = YES;
				ENABLE_USER_SCRIPT_SANDBOXING = YES;
				GCC_C_LANGUAGE_STANDARD = gnu17;
				GCC_NO_COMMON_BLOCKS = YES;
				GCC_WARN_64_TO_32_BIT_CONVERSION = YES;
				GCC_WARN_ABOUT_RETURN_TYPE = YES_ERROR;
				GCC_WARN_UNDECLARED_SELECTOR = YES;
				GCC_WARN_UNINITIALIZED_AUTOS = YES_AGGRESSIVE;
				GCC_WARN_UNUSED_FUNCTION = YES;
				GCC_WARN_UNUSED_VARIABLE = YES;
				IPHONEOS_DEPLOYMENT_TARGET = 26.5;
				LOCALIZATION_PREFERS_STRING_CATALOGS = YES;
				MTL_ENABLE_DEBUG_INFO = NO;
				MTL_FAST_MATH = YES;
				SDKROOT = iphoneos;
				SWIFT_COMPILATION_MODE = wholemodule;
				VALIDATE_PRODUCT = YES;
			};
			name = Release;
		};
		108186CC300BB34800CED4A3 /* Debug */ = {
			isa = XCBuildConfiguration;
			buildSettings = {
				ASSETCATALOG_COMPILER_APPICON_NAME = AppIcon;
				ASSETCATALOG_COMPILER_GLOBAL_ACCENT_COLOR_NAME = AccentColor;
				CODE_SIGN_STYLE = Automatic;
				CURRENT_PROJECT_VERSION = 1;
				DEVELOPMENT_TEAM = 9BQV3SB9Z8;
				ENABLE_PREVIEWS = YES;
				INFOPLIST_FILE = "trial/trial-Info.plist";
				IPHONEOS_DEPLOYMENT_TARGET = 26.3;
				LD_RUNPATH_SEARCH_PATHS = (
					"$(inherited)",
					"@executable_path/Frameworks",
				);
				MARKETING_VERSION = 1.0;
				PRODUCT_BUNDLE_IDENTIFIER = deeeebhaiiiiivviiiiprriiii;
				PRODUCT_NAME = "$(TARGET_NAME)";
				STRING_CATALOG_GENERATE_SYMBOLS = YES;
				SWIFT_APPROACHABLE_CONCURRENCY = YES;
				SWIFT_DEFAULT_ACTOR_ISOLATION = MainActor;
				SWIFT_EMIT_LOC_STRINGS = YES;
				SWIFT_UPCOMING_FEATURE_MEMBER_IMPORT_VISIBILITY = YES;
				SWIFT_VERSION = 5.0;
				TARGETED_DEVICE_FAMILY = "1,2";
			};
			name = Debug;
		};
		108186CD300BB34800CED4A3 /* Release */ = {
			isa = XCBuildConfiguration;
			buildSettings = {
				ASSETCATALOG_COMPILER_APPICON_NAME = AppIcon;
				ASSETCATALOG_COMPILER_GLOBAL_ACCENT_COLOR_NAME = AccentColor;
				CODE_SIGN_STYLE = Automatic;
				CURRENT_PROJECT_VERSION = 1;
				DEVELOPMENT_TEAM = 9BQV3SB9Z8;
				ENABLE_PREVIEWS = YES;
				INFOPLIST_FILE = "trial/trial-Info.plist";
				IPHONEOS_DEPLOYMENT_TARGET = 26.3;
				LD_RUNPATH_SEARCH_PATHS = (
					"$(inherited)",
					"@executable_path/Frameworks",
				);
				MARKETING_VERSION = 1.0;
				PRODUCT_BUNDLE_IDENTIFIER = deeeebhaiiiiivviiiiprriiii;
				PRODUCT_NAME = "$(TARGET_NAME)";
				STRING_CATALOG_GENERATE_SYMBOLS = YES;
				SWIFT_APPROACHABLE_CONCURRENCY = YES;
				SWIFT_DEFAULT_ACTOR_ISOLATION = MainActor;
				SWIFT_EMIT_LOC_STRINGS = YES;
				SWIFT_UPCOMING_FEATURE_MEMBER_IMPORT_VISIBILITY = YES;
				SWIFT_VERSION = 5.0;
				TARGETED_DEVICE_FAMILY = "1,2";
			};
			name = Release;
		};
		65AAB30E1620020E7FDD535B /* Debug */ = {
			isa = XCBuildConfiguration;
			buildSettings = {
				ASSETCATALOG_COMPILER_APPICON_NAME = AppIcon;
				ASSETCATALOG_COMPILER_GLOBAL_ACCENT_COLOR_NAME = AccentColor;
				CLANG_ENABLE_OBJC_WEAK = NO;
				CODE_SIGN_STYLE = Automatic;
				CURRENT_PROJECT_VERSION = 1;
				DEVELOPMENT_TEAM = 9BQV3SB9Z8;
				ENABLE_PREVIEWS = YES;
				GENERATE_INFOPLIST_FILE = NO;
				INFOPLIST_FILE = "RestaurantApp/RestaurantApp-Info.plist";
				IPHONEOS_DEPLOYMENT_TARGET = 17.0;
				LD_RUNPATH_SEARCH_PATHS = (
					"$(inherited)",
					"@executable_path/Frameworks",
				);
				MARKETING_VERSION = 1.0;
				MTL_ENABLE_DEBUG_INFO = INCLUDE_SOURCE;
				ONLY_ACTIVE_ARCH = YES;
				PRODUCT_BUNDLE_IDENTIFIER = com.bhavy12a.restaurantapp;
				PRODUCT_NAME = RestaurantApp;
				SDKROOT = iphoneos;
				SWIFT_ACTIVE_COMPILATION_CONDITIONS = DEBUG;
				SWIFT_APPROACHABLE_CONCURRENCY = YES;
				SWIFT_DEFAULT_ACTOR_ISOLATION = MainActor;
				SWIFT_OPTIMIZATION_LEVEL = "-Onone";
				SWIFT_UPCOMING_FEATURE_MEMBER_IMPORT_VISIBILITY = YES;
				SWIFT_VERSION = 5.0;
				TARGETED_DEVICE_FAMILY = "1,2";
			};
			name = Debug;
		};
		755E2A8FE231147B3021FCC4 /* Release */ = {
			isa = XCBuildConfiguration;
			buildSettings = {
				CLANG_ENABLE_OBJC_WEAK = NO;
				DEVELOPMENT_TEAM = 9BQV3SB9Z8;
				INFOPLIST_FILE = trialWidgetExtension/Info.plist;
				IPHONEOS_DEPLOYMENT_TARGET = 16.1;
				PRODUCT_BUNDLE_IDENTIFIER = deeeebhaiiiiivviiii;
				PRODUCT_NAME = "$(TARGET_NAME)";
				SDKROOT = iphoneos;
				SKIP_INSTALL = YES;
				SWIFT_VERSION = 5.0;
				TARGETED_DEVICE_FAMILY = "1,2";
				VALIDATE_PRODUCT = YES;
			};
			name = Release;
		};
		9863DBF4EF16AC7FFADD0902 /* Release */ = {
			isa = XCBuildConfiguration;
			buildSettings = {
				ASSETCATALOG_COMPILER_APPICON_NAME = AppIcon;
				ASSETCATALOG_COMPILER_GLOBAL_ACCENT_COLOR_NAME = AccentColor;
				CLANG_ENABLE_OBJC_WEAK = NO;
				CODE_SIGN_STYLE = Automatic;
				CURRENT_PROJECT_VERSION = 1;
				DEVELOPMENT_TEAM = 9BQV3SB9Z8;
				ENABLE_PREVIEWS = YES;
				GENERATE_INFOPLIST_FILE = NO;
				INFOPLIST_FILE = "RestaurantApp/RestaurantApp-Info.plist";
				IPHONEOS_DEPLOYMENT_TARGET = 17.0;
				LD_RUNPATH_SEARCH_PATHS = (
					"$(inherited)",
					"@executable_path/Frameworks",
				);
				MARKETING_VERSION = 1.0;
				PRODUCT_BUNDLE_IDENTIFIER = com.bhavy12a.restaurantapp;
				PRODUCT_NAME = RestaurantApp;
				SDKROOT = iphoneos;
				SWIFT_APPROACHABLE_CONCURRENCY = YES;
				SWIFT_COMPILATION_MODE = wholemodule;
				SWIFT_DEFAULT_ACTOR_ISOLATION = MainActor;
				SWIFT_UPCOMING_FEATURE_MEMBER_IMPORT_VISIBILITY = YES;
				SWIFT_VERSION = 5.0;
				TARGETED_DEVICE_FAMILY = "1,2";
				VALIDATE_PRODUCT = YES;
			};
			name = Release;
		};
		DA8C25A21CCDB9038E7E3024 /* Debug */ = {
			isa = XCBuildConfiguration;
			buildSettings = {
				CLANG_ENABLE_OBJC_WEAK = NO;
				DEVELOPMENT_TEAM = 9BQV3SB9Z8;
				INFOPLIST_FILE = trialWidgetExtension/Info.plist;
				IPHONEOS_DEPLOYMENT_TARGET = 16.1;
				PRODUCT_BUNDLE_IDENTIFIER = deeeebhaiiiiivviiii;
				PRODUCT_NAME = "$(TARGET_NAME)";
				SDKROOT = iphoneos;
				SKIP_INSTALL = YES;
				SWIFT_VERSION = 5.0;
				TARGETED_DEVICE_FAMILY = "1,2";
			};
			name = Debug;
		};
/* End XCBuildConfiguration section */

/* Begin XCConfigurationList section */
		108186BB300BB34700CED4A3 /* Build configuration list for PBXProject "trial" */ = {
			isa = XCConfigurationList;
			buildConfigurations = (
				108186C9300BB34800CED4A3 /* Debug */,
				108186CA300BB34800CED4A3 /* Release */,
			);
			defaultConfigurationIsVisible = 0;
			defaultConfigurationName = Release;
		};
		108186CB300BB34800CED4A3 /* Build configuration list for PBXNativeTarget "trial" */ = {
			isa = XCConfigurationList;
			buildConfigurations = (
				108186CC300BB34800CED4A3 /* Debug */,
				108186CD300BB34800CED4A3 /* Release */,
			);
			defaultConfigurationIsVisible = 0;
			defaultConfigurationName = Release;
		};
		1D4E5EF2339A17DDF2053D59 /* Build configuration list for PBXNativeTarget "trialWidgetExtension" */ = {
			isa = XCConfigurationList;
			buildConfigurations = (
				755E2A8FE231147B3021FCC4 /* Release */,
				DA8C25A21CCDB9038E7E3024 /* Debug */,
			);
			defaultConfigurationIsVisible = 0;
			defaultConfigurationName = Release;
		};
		CE48A8D1BB38EC55F4C2F977 /* Build configuration list for PBXNativeTarget "RestaurantApp" */ = {
			isa = XCConfigurationList;
			buildConfigurations = (
				9863DBF4EF16AC7FFADD0902 /* Release */,
				65AAB30E1620020E7FDD535B /* Debug */,
			);
			defaultConfigurationIsVisible = 0;
			defaultConfigurationName = Release;
		};
/* End XCConfigurationList section */
	};
	rootObject = 108186B8300BB34700CED4A3 /* Project object */;
}
